
Microsoft Visual Studio Solution File, Format Version 12.00
# Visual Studio Version 16
VisualStudioVersion = 16.0.31515.178
MinimumVisualStudioVersion = 10.0.40219.1
Project("{FAE04EC0-301F-11D3-BF4B-00C04F79EFBC}") = "DangerZone.Droid", "DangerZone.Droid\DangerZone.Droid.csproj", "{87C93BD0-21E5-4E6C-88C6-3F0D8116E38D}"
EndProject
Project("{FAE04EC0-301F-11D3-BF4B-00C04F79EFBC}") = "DangerZone.iOS", "DangerZone.iOS\DangerZone.iOS.csproj", "{568DB2E7-D90B-4848-8D29-82E85C658F8B}"
EndProject
Global
	GlobalSection(SolutionConfigurationPlatforms) = preSolution
		Debug|Any CPU = Debug|Any CPU
		Debug|iPhone = Debug|iPhone
		Debug|iPhoneSimulator = Debug|iPhoneSimulator
		Release|Any CPU = Release|Any CPU
		Release|iPhone = Release|iPhone
		Release|iPhoneSimulator = Release|iPhoneSimulator
	EndGlobalSection
	GlobalSection(ProjectConfigurationPlatforms) = postSolution
		{87C93BD0-21E5-4E6C-88C6-3F0D8116E38D}.Debug|Any CPU.ActiveCfg = Debug|Any CPU
		{87C93BD0-21E5-4E6C-88C6-3F0D8116E38D}.Debug|Any CPU.Build.0 = Debug|Any CPU
		{87C93BD0-21E5-4E6C-88C6-3F0D8116E38D}.Debug|Any CPU.Deploy.0 = Debug|Any CPU
		{87C93BD0-21E5-4E6C-88C6-3F0D8116E38D}.Debug|iPhone.ActiveCfg = Debug|Any CPU
		{87C93BD0-21E5-4E6C-88C6-3F0D8116E38D}.Debug|iPhone.Build.0 = Debug|Any CPU
		{87C93BD0-21E5-4E6C-88C6-3F0D8116E38D}.Debug|iPhone.Deploy.0 = Debug|Any CPU
		{87C93BD0-21E5-4E6C-88C6-3F0D8116E38D}.Debug|iPhoneSimulator.ActiveCfg = Debug|Any CPU
		{87C93BD0-21E5-4E6C-88C6-3F0D8116E38D}.Debug|iPhoneSimulator.Build.0 = Debug|Any CPU
		{87C93BD0-21E5-4E6C-88C6-3F0D8116E38D}.Debug|iPhoneSimulator.Deploy.0 = Debug|Any CPU
		{87C93BD0-21E5-4E6C-88C6-3F0D8116E38D}.Release|Any CPU.ActiveCfg = Release|Any CPU
		{87C93BD0-21E5-4E6C-88C6-3F0D8116E38D}.Release|Any CPU.Build.0 = Release|Any CPU
		{87C93BD0-21E5-4E6C-88C6-3F0D8116E38D}.Release|Any CPU.Deploy.0 = Release|Any CPU
		{87C93BD0-21E5-4E6C-88C6-3F0D8116E38D}.Release|iPhone.ActiveCfg = Release|Any CPU
		{87C93BD0-21E5-4E6C-88C6-3F0D8116E38D}.Release|iPhone.Build.0 = Release|Any CPU
		{87C93BD0-21E5-4E6C-88C6-3F0D8116E38D}.Release|iPhone.Deploy.0 = Release|Any CPU
		{87C93BD0-21E5-4E6C-88C6-3F0D8116E38D}.Release|iPhoneSimulator.ActiveCfg = Release|Any CPU
		{87C93BD0-21E5-4E6C-88C6-3F0D8116E38D}.Release|iPhoneSimulator.Build.0 = Release|Any CPU
		{87C93BD0-21E5-4E6C-88C6-3F0D8116E38D}.Release|iPhoneSimulator.Deploy.0 = Release|Any CPU
		{568DB2E7-D90B-4848-8D29-82E85C658F8B}.Debug|Any CPU.ActiveCfg = Debug|iPhoneSimulator
		{568DB2E7-D90B-4848-8D29-82E85C658F8B}.Debug|iPhone.ActiveCfg = Debug|iPhone
		{568DB2E7-D90B-4848-8D29-82E85C658F8B}.Debug|iPhone.Build.0 = Debug|iPhone
		{568DB2E7-D90B-4848-8D29-82E85C658F8B}.Debug|iPhoneSimulator.ActiveCfg = Debug|iPhoneSimulator
		{568DB2E7-D90B-4848-8D29-82E85C658F8B}.Debug|iPhoneSimulator.Build.0 = Debug|iPhoneSimulator
		{568DB2E7-D90B-4848-8D29-82E85C658F8B}.Release|Any CPU.ActiveCfg = Release|iPhoneSimulator
		{568DB2E7-D90B-4848-8D29-82E85C658F8B}.Release|iPhone.ActiveCfg = Release|iPhone
		{568DB2E7-D90B-4848-8D29-82E85C658F8B}.Release|iPhone.Build.0 = Release|iPhone
		{568DB2E7-D90B-4848-8D29-82E85C658F8B}.Release|iPhoneSimulator.ActiveCfg = Release|iPhoneSimulator
		{568DB2E7-D90B-4848-8D29-82E85C658F8B}.Release|iPhoneSimulator.Build.0 = Release|iPhoneSimulator
	EndGlobalSection
	GlobalSection(SolutionProperties) = preSolution
		HideSolutionNode = FALSE
	EndGlobalSection
	GlobalSection(ExtensibilityGlobals) = postSolution
		SolutionGuid = {8B90B87B-8AAE-498B-A258-391412220C0A}
	EndGlobalSection
EndGlobal
